// !$*UTF8*$!
{
	archiveVersion = 1;
	classes = {
	};
	objectVersion = 77;
	objects = {

/* Begin PBXBuildFile section */
		5E088C572D9ACE50008FE1ED /* ModuleFactory.swift in Sources */ = {isa = PBXBuildFile; fileRef = 5E088C552D9ACE50008FE1ED /* ModuleFactory.swift */; };
		5E9659E22D6B3F3A00ECC951 /* Assets.xcassets in Resources */ = {isa = PBXBuildFile; fileRef = 5E9659DD2D6B3F3A00ECC951 /* Assets.xcassets */; };
		5E9659E32D6B3F3A00ECC951 /* WelcomeScreen.swift in Sources */ = {isa = PBXBuildFile; fileRef = 5E9659DE2D6B3F3A00ECC951 /* WelcomeScreen.swift */; };
		5EB9E3AE2D95ECF0008A3BBD /* MyFinanceApp.swift in Sources */ = {isa = PBXBuildFile; fileRef = 5EB9E3AD2D95ECE9008A3BBD /* MyFinanceApp.swift */; };
		5EB9E3B02D95ED19008A3BBD /* StartScreen.swift in Sources */ = {isa = PBXBuildFile; fileRef = 5EB9E3AF2D95ED16008A3BBD /* StartScreen.swift */; };
		5EB9E3B82D96B41A008A3BBD /* Readme.md in Resources */ = {isa = PBXBuildFile; fileRef = 5EB9E3B72D96B415008A3BBD /* Readme.md */; };
		5EB9E7672D9ABD2D008A3BBD /* FinanceApp.framework in Frameworks */ = {isa = PBXBuildFile; fileRef = 5EB9E75F2D9ABD2D008A3BBD /* FinanceApp.framework */; };
		5EB9E7682D9ABD2D008A3BBD /* FinanceApp.framework in Embed Frameworks */ = {isa = PBXBuildFile; fileRef = 5EB9E75F2D9ABD2D008A3BBD /* FinanceApp.framework */; settings = {ATTRIBUTES = (CodeSignOnCopy, RemoveHeadersOnCopy, ); }; };
		5EB9E7692D9ABD2D008A3BBD /* FinanceContracts.framework in Frameworks */ = {isa = PBXBuildFile; fileRef = 5EB9E7602D9ABD2D008A3BBD /* FinanceContracts.framework */; };
		5EB9E76A2D9ABD2D008A3BBD /* FinanceContracts.framework in Embed Frameworks */ = {isa = PBXBuildFile; fileRef = 5EB9E7602D9ABD2D008A3BBD /* FinanceContracts.framework */; settings = {ATTRIBUTES = (CodeSignOnCopy, RemoveHeadersOnCopy, ); }; };
		5EB9E76B2D9ABD2D008A3BBD /* Network.framework in Frameworks */ = {isa = PBXBuildFile; fileRef = 5EB9E7612D9ABD2D008A3BBD /* Network.framework */; };
		5EB9E76C2D9ABD2D008A3BBD /* Network.framework in Embed Frameworks */ = {isa = PBXBuildFile; fileRef = 5EB9E7612D9ABD2D008A3BBD /* Network.framework */; settings = {ATTRIBUTES = (CodeSignOnCopy, RemoveHeadersOnCopy, ); }; };
		5EB9E76D2D9ABD2D008A3BBD /* SwiftUIComponents.framework in Frameworks */ = {isa = PBXBuildFile; fileRef = 5EB9E7622D9ABD2D008A3BBD /* SwiftUIComponents.framework */; };
		5EB9E76E2D9ABD2D008A3BBD /* SwiftUIComponents.framework in Embed Frameworks */ = {isa = PBXBuildFile; fileRef = 5EB9E7622D9ABD2D008A3BBD /* SwiftUIComponents.framework */; settings = {ATTRIBUTES = (CodeSignOnCopy, RemoveHeadersOnCopy, ); }; };
		5EB9E76F2D9ABD2D008A3BBD /* UIKitComponents.framework in Frameworks */ = {isa = PBXBuildFile; fileRef = 5EB9E7632D9ABD2D008A3BBD /* UIKitComponents.framework */; };
		5EB9E7702D9ABD2D008A3BBD /* UIKitComponents.framework in Embed Frameworks */ = {isa = PBXBuildFile; fileRef = 5EB9E7632D9ABD2D008A3BBD /* UIKitComponents.framework */; settings = {ATTRIBUTES = (CodeSignOnCopy, RemoveHeadersOnCopy, ); }; };
		5EB9E7712D9ABD2D008A3BBD /* Utilities.framework in Frameworks */ = {isa = PBXBuildFile; fileRef = 5EB9E7642D9ABD2D008A3BBD /* Utilities.framework */; };
		5EB9E7722D9ABD2D008A3BBD /* Utilities.framework in Embed Frameworks */ = {isa = PBXBuildFile; fileRef = 5EB9E7642D9ABD2D008A3BBD /* Utilities.framework */; settings = {ATTRIBUTES = (CodeSignOnCopy, RemoveHeadersOnCopy, ); }; };
/* End PBXBuildFile section */

/* Begin PBXCopyFilesBuildPhase section */
		5EB9E7732D9ABD2D008A3BBD /* Embed Frameworks */ = {
			isa = PBXCopyFilesBuildPhase;
			buildActionMask = 2147483647;
			dstPath = "";
			dstSubfolderSpec = 10;
			files = (
				5EB9E76E2D9ABD2D008A3BBD /* SwiftUIComponents.framework in Embed Frameworks */,
				5EB9E7702D9ABD2D008A3BBD /* UIKitComponents.framework in Embed Frameworks */,
				5EB9E76A2D9ABD2D008A3BBD /* FinanceContracts.framework in Embed Frameworks */,
				5EB9E7722D9ABD2D008A3BBD /* Utilities.framework in Embed Frameworks */,
				5EB9E7682D9ABD2D008A3BBD /* FinanceApp.framework in Embed Frameworks */,
				5EB9E76C2D9ABD2D008A3BBD /* Network.framework in Embed Frameworks */,
			);
			name = "Embed Frameworks";
			runOnlyForDeploymentPostprocessing = 0;
		};
/* End PBXCopyFilesBuildPhase section */

/* Begin PBXFileReference section */
		5E088C552D9ACE50008FE1ED /* ModuleFactory.swift */ = {isa = PBXFileReference; lastKnownFileType = sourcecode.swift; path = ModuleFactory.swift; sourceTree = "<group>"; };
		5E9658F52D6B366700ECC951 /* MyFinance.app */ = {isa = PBXFileReference; explicitFileType = wrapper.application; includeInIndex = 0; path = MyFinance.app; sourceTree = BUILT_PRODUCTS_DIR; };
		5E9659DD2D6B3F3A00ECC951 /* Assets.xcassets */ = {isa = PBXFileReference; lastKnownFileType = folder.assetcatalog; path = Assets.xcassets; sourceTree = "<group>"; };
		5E9659DE2D6B3F3A00ECC951 /* WelcomeScreen.swift */ = {isa = PBXFileReference; lastKnownFileType = sourcecode.swift; path = WelcomeScreen.swift; sourceTree = "<group>"; };
		5EB9E3AD2D95ECE9008A3BBD /* MyFinanceApp.swift */ = {isa = PBXFileReference; lastKnownFileType = sourcecode.swift; path = MyFinanceApp.swift; sourceTree = "<group>"; };
		5EB9E3AF2D95ED16008A3BBD /* StartScreen.swift */ = {isa = PBXFileReference; lastKnownFileType = sourcecode.swift; path = StartScreen.swift; sourceTree = "<group>"; };
		5EB9E3B72D96B415008A3BBD /* Readme.md */ = {isa = PBXFileReference; lastKnownFileType = net.daringfireball.markdown; path = Readme.md; sourceTree = "<group>"; };
		5EB9E75F2D9ABD2D008A3BBD /* FinanceApp.framework */ = {isa = PBXFileReference; explicitFileType = wrapper.framework; path = FinanceApp.framework; sourceTree = BUILT_PRODUCTS_DIR; };
		5EB9E7602D9ABD2D008A3BBD /* FinanceContracts.framework */ = {isa = PBXFileReference; explicitFileType = wrapper.framework; path = FinanceContracts.framework; sourceTree = BUILT_PRODUCTS_DIR; };
		5EB9E7612D9ABD2D008A3BBD /* Network.framework */ = {isa = PBXFileReference; explicitFileType = wrapper.framework; path = Network.framework; sourceTree = BUILT_PRODUCTS_DIR; };
		5EB9E7622D9ABD2D008A3BBD /* SwiftUIComponents.framework */ = {isa = PBXFileReference; explicitFileType = wrapper.framework; path = SwiftUIComponents.framework; sourceTree = BUILT_PRODUCTS_DIR; };
		5EB9E7632D9ABD2D008A3BBD /* UIKitComponents.framework */ = {isa = PBXFileReference; explicitFileType = wrapper.framework; path = UIKitComponents.framework; sourceTree = BUILT_PRODUCTS_DIR; };
		5EB9E7642D9ABD2D008A3BBD /* Utilities.framework */ = {isa = PBXFileReference; explicitFileType = wrapper.framework; path = Utilities.framework; sourceTree = BUILT_PRODUCTS_DIR; };
/* End PBXFileReference section */

/* Begin PBXFrameworksBuildPhase section */
		5E9658F22D6B366700ECC951 /* Frameworks */ = {
			isa = PBXFrameworksBuildPhase;
			buildActionMask = 2147483647;
			files = (
				5EB9E76D2D9ABD2D008A3BBD /* SwiftUIComponents.framework in Frameworks */,
				5EB9E76F2D9ABD2D008A3BBD /* UIKitComponents.framework in Frameworks */,
				5EB9E7692D9ABD2D008A3BBD /* FinanceContracts.framework in Frameworks */,
				5EB9E7712D9ABD2D008A3BBD /* Utilities.framework in Frameworks */,
				5EB9E7672D9ABD2D008A3BBD /* FinanceApp.framework in Frameworks */,
				5EB9E76B2D9ABD2D008A3BBD /* Network.framework in Frameworks */,
			);
			runOnlyForDeploymentPostprocessing = 0;
		};
/* End PBXFrameworksBuildPhase section */

/* Begin PBXGroup section */
		5E088C562D9ACE50008FE1ED /* DI */ = {
			isa = PBXGroup;
			children = (
				5E088C552D9ACE50008FE1ED /* ModuleFactory.swift */,
			);
			path = DI;
			sourceTree = "<group>";
		};
		5E9658EC2D6B366700ECC951 = {
			isa = PBXGroup;
			children = (
				5EB9E3B72D96B415008A3BBD /* Readme.md */,
				5EB9E3AD2D95ECE9008A3BBD /* MyFinanceApp.swift */,
				5E088C562D9ACE50008FE1ED /* DI */,
				5EB9E6DE2D987EE1008A3BBD /* Screens */,
				5EB9E6872D987508008A3BBD /* Assets */,
				5E9659D22D6B3DA600ECC951 /* Frameworks */,
				5E9658F62D6B366700ECC951 /* Products */,
			);
			sourceTree = "<group>";
		};
		5E9658F62D6B366700ECC951 /* Products */ = {
			isa = PBXGroup;
			children = (
				5E9658F52D6B366700ECC951 /* MyFinance.app */,
			);
			name = Products;
			sourceTree = "<group>";
		};
		5E9659D22D6B3DA600ECC951 /* Frameworks */ = {
			isa = PBXGroup;
			children = (
				5EB9E75F2D9ABD2D008A3BBD /* FinanceApp.framework */,
				5EB9E7602D9ABD2D008A3BBD /* FinanceContracts.framework */,
				5EB9E7612D9ABD2D008A3BBD /* Network.framework */,
				5EB9E7622D9ABD2D008A3BBD /* SwiftUIComponents.framework */,
				5EB9E7632D9ABD2D008A3BBD /* UIKitComponents.framework */,
				5EB9E7642D9ABD2D008A3BBD /* Utilities.framework */,
			);
			name = Frameworks;
			sourceTree = "<group>";
		};
		5EB9E6872D987508008A3BBD /* Assets */ = {
			isa = PBXGroup;
			children = (
				5E9659DD2D6B3F3A00ECC951 /* Assets.xcassets */,
			);
			path = Assets;
			sourceTree = "<group>";
		};
		5EB9E6DE2D987EE1008A3BBD /* Screens */ = {
			isa = PBXGroup;
			children = (
				5EB9E3AF2D95ED16008A3BBD /* StartScreen.swift */,
				5E9659DE2D6B3F3A00ECC951 /* WelcomeScreen.swift */,
			);
			path = Screens;
			sourceTree = "<group>";
		};
/* End PBXGroup section */

/* Begin PBXNativeTarget section */
		5E9658F42D6B366700ECC951 /* MyFinance */ = {
			isa = PBXNativeTarget;
			buildConfigurationList = 5E9659032D6B366800ECC951 /* Build configuration list for PBXNativeTarget "MyFinance" */;
			buildPhases = (
				5E9658F12D6B366700ECC951 /* Sources */,
				5E9658F22D6B366700ECC951 /* Frameworks */,
				5E9658F32D6B366700ECC951 /* Resources */,
				5EB9E7732D9ABD2D008A3BBD /* Embed Frameworks */,
			);
			buildRules = (
			);
			dependencies = (
			);
			name = MyFinance;
			packageProductDependencies = (
			);
			productName = MyFinance;
			productReference = 5E9658F52D6B366700ECC951 /* MyFinance.app */;
			productType = "com.apple.product-type.application";
		};
/* End PBXNativeTarget section */

/* Begin PBXProject section */
		5E9658ED2D6B366700ECC951 /* Project object */ = {
			isa = PBXProject;
			attributes = {
				BuildIndependentTargetsInParallel = 1;
				LastSwiftUpdateCheck = 1620;
				LastUpgradeCheck = 1620;
				TargetAttributes = {
					5E9658F42D6B366700ECC951 = {
						CreatedOnToolsVersion = 16.2;
					};
				};
			};
			buildConfigurationList = 5E9658F02D6B366700ECC951 /* Build configuration list for PBXProject "MyFinance" */;
			developmentRegion = en;
			hasScannedForEncodings = 0;
			knownRegions = (
				en,
				Base,
			);
			mainGroup = 5E9658EC2D6B366700ECC951;
			minimizedProjectReferenceProxies = 1;
			preferredProjectObjectVersion = 77;
			productRefGroup = 5E9658F62D6B366700ECC951 /* Products */;
			projectDirPath = "";
			projectRoot = "";
			targets = (
				5E9658F42D6B366700ECC951 /* MyFinance */,
			);
		};
/* End PBXProject section */

/* Begin PBXResourcesBuildPhase section */
		5E9658F32D6B366700ECC951 /* Resources */ = {
			isa = PBXResourcesBuildPhase;
			buildActionMask = 2147483647;
			files = (
				5E9659E22D6B3F3A00ECC951 /* Assets.xcassets in Resources */,
				5EB9E3B82D96B41A008A3BBD /* Readme.md in Resources */,
			);
			runOnlyForDeploymentPostprocessing = 0;
		};
/* End PBXResourcesBuildPhase section */

/* Begin PBXSourcesBuildPhase section */
		5E9658F12D6B366700ECC951 /* Sources */ = {
			isa = PBXSourcesBuildPhase;
			buildActionMask = 2147483647;
			files = (
				5E088C572D9ACE50008FE1ED /* ModuleFactory.swift in Sources */,
				5EB9E3AE2D95ECF0008A3BBD /* MyFinanceApp.swift in Sources */,
				5E9659E32D6B3F3A00ECC951 /* WelcomeScreen.swift in Sources */,
				5EB9E3B02D95ED19008A3BBD /* StartScreen.swift in Sources */,
			);
			runOnlyForDeploymentPostprocessing = 0;
		};
/* End PBXSourcesBuildPhase section */

/* Begin XCBuildConfiguration section */
		5E9659012D6B366800ECC951 /* Debug */ = {
			isa = XCBuildConfiguration;
			buildSettings = {
				ALWAYS_SEARCH_USER_PATHS = NO;
				ASSETCATALOG_COMPILER_GENERATE_SWIFT_ASSET_SYMBOL_EXTENSIONS = YES;
				CLANG_ANALYZER_NONNULL = YES;
				CLANG_ANALYZER_NUMBER_OBJECT_CONVERSION = YES_AGGRESSIVE;
				CLANG_CXX_LANGUAGE_STANDARD = "gnu++20";
				CLANG_ENABLE_MODULES = YES;
				CLANG_ENABLE_OBJC_ARC = YES;
				CLANG_ENABLE_OBJC_WEAK = YES;
				CLANG_WARN_BLOCK_CAPTURE_AUTORELEASING = YES;
				CLANG_WARN_BOOL_CONVERSION = YES;
				CLANG_WARN_COMMA = YES;
				CLANG_WARN_CONSTANT_CONVERSION = YES;
				CLANG_WARN_DEPRECATED_OBJC_IMPLEMENTATIONS = YES;
				CLANG_WARN_DIRECT_OBJC_ISA_USAGE = YES_ERROR;
				CLANG_WARN_DOCUMENTATION_COMMENTS = YES;
				CLANG_WARN_EMPTY_BODY = YES;
				CLANG_WARN_ENUM_CONVERSION = YES;
				CLANG_WARN_INFINITE_RECURSION = YES;
				CLANG_WARN_INT_CONVERSION = YES;
				CLANG_WARN_NON_LITERAL_NULL_CONVERSION = YES;
				CLANG_WARN_OBJC_IMPLICIT_RETAIN_SELF = YES;
				CLANG_WARN_OBJC_LITERAL_CONVERSION = YES;
				CLANG_WARN_OBJC_ROOT_CLASS = YES_ERROR;
				CLANG_WARN_QUOTED_INCLUDE_IN_FRAMEWORK_HEADER = YES;
				CLANG_WARN_RANGE_LOOP_ANALYSIS = YES;
				CLANG_WARN_STRICT_PROTOTYPES = YES;
				CLANG_WARN_SUSPICIOUS_MOVE = YES;
				CLANG_WARN_UNGUARDED_AVAILABILITY = YES_AGGRESSIVE;
				CLANG_WARN_UNREACHABLE_CODE = YES;
				CLANG_WARN__DUPLICATE_METHOD_MATCH = YES;
				COPY_PHASE_STRIP = NO;
				DEBUG_INFORMATION_FORMAT = dwarf;
				ENABLE_STRICT_OBJC_MSGSEND = YES;
				ENABLE_TESTABILITY = YES;
				ENABLE_USER_SCRIPT_SANDBOXING = YES;
				GCC_C_LANGUAGE_STANDARD = gnu17;
				GCC_DYNAMIC_NO_PIC = NO;
				GCC_NO_COMMON_BLOCKS = YES;
				GCC_OPTIMIZATION_LEVEL = 0;
				GCC_PREPROCESSOR_DEFINITIONS = (
					"DEBUG=1",
					"$(inherited)",
				);
				GCC_WARN_64_TO_32_BIT_CONVERSION = YES;
				GCC_WARN_ABOUT_RETURN_TYPE = YES_ERROR;
				GCC_WARN_UNDECLARED_SELECTOR = YES;
				GCC_WARN_UNINITIALIZED_AUTOS = YES_AGGRESSIVE;
				GCC_WARN_UNUSED_FUNCTION = YES;
				GCC_WARN_UNUSED_VARIABLE = YES;
				IPHONEOS_DEPLOYMENT_TARGET = 16.6;
				LOCALIZATION_PREFERS_STRING_CATALOGS = YES;
				MTL_ENABLE_DEBUG_INFO = INCLUDE_SOURCE;
				MTL_FAST_MATH = YES;
				ONLY_ACTIVE_ARCH = YES;
				SDKROOT = iphoneos;
				SWIFT_ACTIVE_COMPILATION_CONDITIONS = "DEBUG $(inherited)";
				SWIFT_OPTIMIZATION_LEVEL = "-Onone";
			};
			name = Debug;
		};
		5E9659022D6B366800ECC951 /* Release */ = {
			isa = XCBuildConfiguration;
			buildSettings = {
				ALWAYS_SEARCH_USER_PATHS = NO;
				ASSETCATALOG_COMPILER_GENERATE_SWIFT_ASSET_SYMBOL_EXTENSIONS = YES;
				CLANG_ANALYZER_NONNULL = YES;
				CLANG_ANALYZER_NUMBER_OBJECT_CONVERSION = YES_AGGRESSIVE;
				CLANG_CXX_LANGUAGE_STANDARD = "gnu++20";
				CLANG_ENABLE_MODULES = YES;
				CLANG_ENABLE_OBJC_ARC = YES;
				CLANG_ENABLE_OBJC_WEAK = YES;
				CLANG_WARN_BLOCK_CAPTURE_AUTORELEASING = YES;
				CLANG_WARN_BOOL_CONVERSION = YES;
				CLANG_WARN_COMMA = YES;
				CLANG_WARN_CONSTANT_CONVERSION = YES;
				CLANG_WARN_DEPRECATED_OBJC_IMPLEMENTATIONS = YES;
				CLANG_WARN_DIRECT_OBJC_ISA_USAGE = YES_ERROR;
				CLANG_WARN_DOCUMENTATION_COMMENTS = YES;
				CLANG_WARN_EMPTY_BODY = YES;
				CLANG_WARN_ENUM_CONVERSION = YES;
				CLANG_WARN_INFINITE_RECURSION = YES;
				CLANG_WARN_INT_CONVERSION = YES;
				CLANG_WARN_NON_LITERAL_NULL_CONVERSION = YES;
				CLANG_WARN_OBJC_IMPLICIT_RETAIN_SELF = YES;
				CLANG_WARN_OBJC_LITERAL_CONVERSION = YES;
				CLANG_WARN_OBJC_ROOT_CLASS = YES_ERROR;
				CLANG_WARN_QUOTED_INCLUDE_IN_FRAMEWORK_HEADER = YES;
				CLANG_WARN_RANGE_LOOP_ANALYSIS = YES;
				CLANG_WARN_STRICT_PROTOTYPES = YES;
				CLANG_WARN_SUSPICIOUS_MOVE = YES;
				CLANG_WARN_UNGUARDED_AVAILABILITY = YES_AGGRESSIVE;
				CLANG_WARN_UNREACHABLE_CODE = YES;
				CLANG_WARN__DUPLICATE_METHOD_MATCH = YES;
				COPY_PHASE_STRIP = NO;
				DEBUG_INFORMATION_FORMAT = "dwarf-with-dsym";
				ENABLE_NS_ASSERTIONS = NO;
				ENABLE_STRICT_OBJC_MSGSEND = YES;
				ENABLE_USER_SCRIPT_SANDBOXING = YES;
				GCC_C_LANGUAGE_STANDARD = gnu17;
				GCC_NO_COMMON_BLOCKS = YES;
				GCC_WARN_64_TO_32_BIT_CONVERSION = YES;
				GCC_WARN_ABOUT_RETURN_TYPE = YES_ERROR;
				GCC_WARN_UNDECLARED_SELECTOR = YES;
				GCC_WARN_UNINITIALIZED_AUTOS = YES_AGGRESSIVE;
				GCC_WARN_UNUSED_FUNCTION = YES;
				GCC_WARN_UNUSED_VARIABLE = YES;
				IPHONEOS_DEPLOYMENT_TARGET = 16.6;
				LOCALIZATION_PREFERS_STRING_CATALOGS = YES;
				MTL_ENABLE_DEBUG_INFO = NO;
				MTL_FAST_MATH = YES;
				SDKROOT = iphoneos;
				SWIFT_COMPILATION_MODE = wholemodule;
				VALIDATE_PRODUCT = YES;
			};
			name = Release;
		};
		5E9659042D6B366800ECC951 /* Debug */ = {
			isa = XCBuildConfiguration;
			buildSettings = {
				ASSETCATALOG_COMPILER_APPICON_NAME = AppIcon;
				ASSETCATALOG_COMPILER_GLOBAL_ACCENT_COLOR_NAME = AccentColor;
				CODE_SIGN_STYLE = Automatic;
				CURRENT_PROJECT_VERSION = 1;
				DEVELOPMENT_ASSET_PATHS = "\"Assets\"";
				DEVELOPMENT_TEAM = QNY927L322;
				ENABLE_PREVIEWS = YES;
				GENERATE_INFOPLIST_FILE = YES;
				INFOPLIST_KEY_UIApplicationSceneManifest_Generation = YES;
				INFOPLIST_KEY_UIApplicationSupportsIndirectInputEvents = YES;
				INFOPLIST_KEY_UILaunchScreen_Generation = YES;
				INFOPLIST_KEY_UILaunchStoryboardName = MyFinanceApp;
				INFOPLIST_KEY_UISupportedInterfaceOrientations = UIInterfaceOrientationPortrait;
				INFOPLIST_KEY_UISupportedInterfaceOrientations_iPad = "UIInterfaceOrientationLandscapeLeft UIInterfaceOrientationLandscapeRight UIInterfaceOrientationPortrait UIInterfaceOrientationPortraitUpsideDown";
				IPHONEOS_DEPLOYMENT_TARGET = 16;
				LD_RUNPATH_SEARCH_PATHS = (
					"$(inherited)",
					"@executable_path/Frameworks",
				);
				MARKETING_VERSION = 1.0;
				PRODUCT_BUNDLE_IDENTIFIER = OneMoreOrg.MyFinance;
				PRODUCT_NAME = "$(TARGET_NAME)";
				SUPPORTED_PLATFORMS = "iphoneos iphonesimulator";
				SUPPORTS_MACCATALYST = NO;
				SUPPORTS_MAC_DESIGNED_FOR_IPHONE_IPAD = NO;
				SUPPORTS_XR_DESIGNED_FOR_IPHONE_IPAD = NO;
				SWIFT_EMIT_LOC_STRINGS = YES;
				SWIFT_VERSION = 5.0;
				TARGETED_DEVICE_FAMILY = 1;
			};
			name = Debug;
		};
		5E9659052D6B366800ECC951 /* Release */ = {
			isa = XCBuildConfiguration;
			buildSettings = {
				ASSETCATALOG_COMPILER_APPICON_NAME = AppIcon;
				ASSETCATALOG_COMPILER_GLOBAL_ACCENT_COLOR_NAME = AccentColor;
				CODE_SIGN_STYLE = Automatic;
				CURRENT_PROJECT_VERSION = 1;
				DEVELOPMENT_ASSET_PATHS = "\"Assets\"";
				DEVELOPMENT_TEAM = QNY927L322;
				ENABLE_PREVIEWS = YES;
				GENERATE_INFOPLIST_FILE = YES;
				INFOPLIST_KEY_UIApplicationSceneManifest_Generation = YES;
				INFOPLIST_KEY_UIApplicationSupportsIndirectInputEvents = YES;
				INFOPLIST_KEY_UILaunchScreen_Generation = YES;
				INFOPLIST_KEY_UILaunchStoryboardName = MyFinanceApp;
				INFOPLIST_KEY_UISupportedInterfaceOrientations = UIInterfaceOrientationPortrait;
				INFOPLIST_KEY_UISupportedInterfaceOrientations_iPad = "UIInterfaceOrientationLandscapeLeft UIInterfaceOrientationLandscapeRight UIInterfaceOrientationPortrait UIInterfaceOrientationPortraitUpsideDown";
				IPHONEOS_DEPLOYMENT_TARGET = 16;
				LD_RUNPATH_SEARCH_PATHS = (
					"$(inherited)",
					"@executable_path/Frameworks",
				);
				MARKETING_VERSION = 1.0;
				PRODUCT_BUNDLE_IDENTIFIER = OneMoreOrg.MyFinance;
				PRODUCT_NAME = "$(TARGET_NAME)";
				SUPPORTED_PLATFORMS = "iphoneos iphonesimulator";
				SUPPORTS_MACCATALYST = NO;
				SUPPORTS_MAC_DESIGNED_FOR_IPHONE_IPAD = NO;
				SUPPORTS_XR_DESIGNED_FOR_IPHONE_IPAD = NO;
				SWIFT_EMIT_LOC_STRINGS = YES;
				SWIFT_VERSION = 5.0;
				TARGETED_DEVICE_FAMILY = 1;
			};
			name = Release;
		};
/* End XCBuildConfiguration section */

/* Begin XCConfigurationList section */
		5E9658F02D6B366700ECC951 /* Build configuration list for PBXProject "MyFinance" */ = {
			isa = XCConfigurationList;
			buildConfigurations = (
				5E9659012D6B366800ECC951 /* Debug */,
				5E9659022D6B366800ECC951 /* Release */,
			);
			defaultConfigurationIsVisible = 0;
			defaultConfigurationName = Release;
		};
		5E9659032D6B366800ECC951 /* Build configuration list for PBXNativeTarget "MyFinance" */ = {
			isa = XCConfigurationList;
			buildConfigurations = (
				5E9659042D6B366800ECC951 /* Debug */,
				5E9659052D6B366800ECC951 /* Release */,
			);
			defaultConfigurationIsVisible = 0;
			defaultConfigurationName = Release;
		};
/* End XCConfigurationList section */
	};
	rootObject = 5E9658ED2D6B366700ECC951 /* Project object */;
}
